
Microsoft Visual Studio Solution File, Format Version 12.00
# Visual Studio 15
VisualStudioVersion = 15.0.28010.2041
MinimumVisualStudioVersion = 10.0.40219.1
Project("{FAE04EC0-301F-11D3-BF4B-00C04F79EFBC}") = "DrawingToolkit", "DrawingToolkit\DrawingToolkit.csproj", "{2170A81F-D9CE-45EE-8043-56925327144E}"
EndProject
Global
	GlobalSection(SolutionConfigurationPlatforms) = preSolution
		Debug|Any CPU = Debug|Any CPU
		Release|Any CPU = Release|Any CPU
	EndGlobalSection
	GlobalSection(ProjectConfigurationPlatforms) = postSolution
		{2170A81F-D9CE-45EE-8043-56925327144E}.Debug|Any CPU.ActiveCfg = Debug|Any CPU
		{2170A81F-D9CE-45EE-8043-56925327144E}.Debug|Any CPU.Build.0 = Debug|Any CPU
		{2170A81F-D9CE-45EE-8043-56925327144E}.Release|Any CPU.ActiveCfg = Release|Any CPU
		{2170A81F-D9CE-45EE-8043-56925327144E}.Release|Any CPU.Build.0 = Release|Any CPU
	EndGlobalSection
	GlobalSection(SolutionProperties) = preSolution
		HideSolutionNode = FALSE
	EndGlobalSection
	GlobalSection(ExtensibilityGlobals) = postSolution
		SolutionGuid = {A3CC5040-989C-4D16-B47C-3E64207D8054}
	EndGlobalSection
EndGlobal
